
Microsoft Visual Studio Solution File, Format Version 12.00
# Visual Studio 15
VisualStudioVersion = 15.0.28307.421
MinimumVisualStudioVersion = 10.0.40219.1
Project("{FAE04EC0-301F-11D3-BF4B-00C04F79EFBC}") = "ZubovichSiarheiBook", "ZubovichSiarheiBook\ZubovichSiarheiBook.csproj", "{4D61B051-86F0-49C7-9C3B-5967B2B884DA}"
EndProject
Project("{FAE04EC0-301F-11D3-BF4B-00C04F79EFBC}") = "BookStore", "BookStore\BookStore.csproj", "{50D1A7B9-0654-443B-959C-DDF9312EEA5D}"
EndProject
Global
	GlobalSection(SolutionConfigurationPlatforms) = preSolution
		Debug|Any CPU = Debug|Any CPU
		Release|Any CPU = Release|Any CPU
	EndGlobalSection
	GlobalSection(ProjectConfigurationPlatforms) = postSolution
		{4D61B051-86F0-49C7-9C3B-5967B2B884DA}.Debug|Any CPU.ActiveCfg = Debug|Any CPU
		{4D61B051-86F0-49C7-9C3B-5967B2B884DA}.Debug|Any CPU.Build.0 = Debug|Any CPU
		{4D61B051-86F0-49C7-9C3B-5967B2B884DA}.Release|Any CPU.ActiveCfg = Release|Any CPU
		{4D61B051-86F0-49C7-9C3B-5967B2B884DA}.Release|Any CPU.Build.0 = Release|Any CPU
		{50D1A7B9-0654-443B-959C-DDF9312EEA5D}.Debug|Any CPU.ActiveCfg = Debug|Any CPU
		{50D1A7B9-0654-443B-959C-DDF9312EEA5D}.Debug|Any CPU.Build.0 = Debug|Any CPU
		{50D1A7B9-0654-443B-959C-DDF9312EEA5D}.Release|Any CPU.ActiveCfg = Release|Any CPU
		{50D1A7B9-0654-443B-959C-DDF9312EEA5D}.Release|Any CPU.Build.0 = Release|Any CPU
	EndGlobalSection
	GlobalSection(SolutionProperties) = preSolution
		HideSolutionNode = FALSE
	EndGlobalSection
	GlobalSection(ExtensibilityGlobals) = postSolution
		SolutionGuid = {36762136-9A09-47AF-8DF9-16F09275CBCA}
	EndGlobalSection
EndGlobal
